
Microsoft Visual Studio Solution File, Format Version 12.00
# Visual Studio Version 17
VisualStudioVersion = 17.6.33801.468
MinimumVisualStudioVersion = 10.0.40219.1
Project("{FAE04EC0-301F-11D3-BF4B-00C04F79EFBC}") = "zadanie nr 3 pp 17.06 instrukcje", "zadanie nr 3 pp 17.06 instrukcje.csproj", "{36F97D5F-54B1-4FED-87B4-8AE8009C820C}"
EndProject
Global
	GlobalSection(SolutionConfigurationPlatforms) = preSolution
		Debug|Any CPU = Debug|Any CPU
		Release|Any CPU = Release|Any CPU
	EndGlobalSection
	GlobalSection(ProjectConfigurationPlatforms) = postSolution
		{36F97D5F-54B1-4FED-87B4-8AE8009C820C}.Debug|Any CPU.ActiveCfg = Debug|Any CPU
		{36F97D5F-54B1-4FED-87B4-8AE8009C820C}.Debug|Any CPU.Build.0 = Debug|Any CPU
		{36F97D5F-54B1-4FED-87B4-8AE8009C820C}.Release|Any CPU.ActiveCfg = Release|Any CPU
		{36F97D5F-54B1-4FED-87B4-8AE8009C820C}.Release|Any CPU.Build.0 = Release|Any CPU
	EndGlobalSection
	GlobalSection(SolutionProperties) = preSolution
		HideSolutionNode = FALSE
	EndGlobalSection
	GlobalSection(ExtensibilityGlobals) = postSolution
		SolutionGuid = {0D80EF5A-786B-48C0-B9B1-3EC6EF400728}
	EndGlobalSection
EndGlobal
